
Microsoft Visual Studio Solution File, Format Version 12.00
# Visual Studio 15
Project("{FAE04EC0-301F-11D3-BF4B-00C04F79EFBC}") = "level1", "level1\level1.csproj", "{090FB390-F0CA-4290-BB58-948CE56F33F0}"
EndProject
Project("{FAE04EC0-301F-11D3-BF4B-00C04F79EFBC}") = "Project", "Project\Project.csproj", "{56B3C7B1-EAF2-4283-B9C1-BC08C415322E}"
EndProject
Global
	GlobalSection(SolutionConfigurationPlatforms) = preSolution
		Debug|Any CPU = Debug|Any CPU
		Release|Any CPU = Release|Any CPU
	EndGlobalSection
	GlobalSection(ProjectConfigurationPlatforms) = postSolution
		{090FB390-F0CA-4290-BB58-948CE56F33F0}.Debug|Any CPU.ActiveCfg = Debug|Any CPU
		{090FB390-F0CA-4290-BB58-948CE56F33F0}.Debug|Any CPU.Build.0 = Debug|Any CPU
		{090FB390-F0CA-4290-BB58-948CE56F33F0}.Release|Any CPU.ActiveCfg = Release|Any CPU
		{090FB390-F0CA-4290-BB58-948CE56F33F0}.Release|Any CPU.Build.0 = Release|Any CPU
		{56B3C7B1-EAF2-4283-B9C1-BC08C415322E}.Debug|Any CPU.ActiveCfg = Debug|Any CPU
		{56B3C7B1-EAF2-4283-B9C1-BC08C415322E}.Debug|Any CPU.Build.0 = Debug|Any CPU
		{56B3C7B1-EAF2-4283-B9C1-BC08C415322E}.Release|Any CPU.ActiveCfg = Release|Any CPU
		{56B3C7B1-EAF2-4283-B9C1-BC08C415322E}.Release|Any CPU.Build.0 = Release|Any CPU
	EndGlobalSection
EndGlobal
